{
  "nodes": {
    "advisory-db": {
      "flake": false,
      "locked": {
        "lastModified": 1707797224,
        "narHash": "sha256-0d3LcdUL8Fx6z2p1xCrRWd5bnVSTXsm2yvFUztJU798=",
        "owner": "rustsec",
        "repo": "advisory-db",
        "rev": "91879311167598acb41181e0080707adb6aa9292",
        "type": "github"
      },
      "original": {
        "owner": "rustsec",
        "repo": "advisory-db",
        "type": "github"
      }
    },
    "crane": {
      "inputs": {
        "nixpkgs": [
          "nixpkgs"
        ]
      },
      "locked": {
        "lastModified": 1707685877,
        "narHash": "sha256-XoXRS+5whotelr1rHiZle5t5hDg9kpguS5yk8c8qzOc=",
        "owner": "ipetkov",
        "repo": "crane",
        "rev": "2c653e4478476a52c6aa3ac0495e4dea7449ea0e",
        "type": "github"
      },
      "original": {
        "owner": "ipetkov",
        "repo": "crane",
        "type": "github"
      }
    },
    "fenix": {
      "inputs": {
        "nixpkgs": [
          "nixpkgs"
        ],
        "rust-analyzer-src": "rust-analyzer-src"
      },
      "locked": {
        "lastModified": 1706941198,
        "narHash": "sha256-t6/qloMYdknVJ9a3QzjylQIZnQfgefJ5kMim50B7dwA=",
        "owner": "nix-community",
        "repo": "fenix",
        "rev": "28dbd8b43ea328ee708f7da538c63e03d5ed93c8",
        "type": "github"
      },
      "original": {
        "owner": "nix-community",
        "repo": "fenix",
        "type": "github"
      }
    },
    "flake-utils": {
      "inputs": {
        "systems": "systems"
      },
      "locked": {
        "lastModified": 1705309234,
        "narHash": "sha256-uNRRNRKmJyCRC/8y1RqBkqWBLM034y4qN7EprSdmgyA=",
        "owner": "numtide",
        "repo": "flake-utils",
        "rev": "1ef2e671c3b0c19053962c07dbda38332dcebf26",
        "type": "github"
      },
      "original": {
        "owner": "numtide",
        "repo": "flake-utils",
        "type": "github"
      }
    },
    "flake-utils_2": {
      "inputs": {
        "systems": "systems_2"
      },
      "locked": {
        "lastModified": 1701680307,
        "narHash": "sha256-kAuep2h5ajznlPMD9rnQyffWG8EM/C73lejGofXvdM8=",
        "owner": "numtide",
        "repo": "flake-utils",
        "rev": "4022d587cbbfd70fe950c1e2083a02621806a725",
        "type": "github"
      },
      "original": {
        "owner": "numtide",
        "repo": "flake-utils",
        "type": "github"
      }
    },
    "neovim": {
      "inputs": {
        "flake-utils": "flake-utils_2",
        "nixpkgs": [
          "nixpkgs"
        ]
      },
      "locked": {
        "dir": "contrib",
        "lastModified": 1707868264,
        "narHash": "sha256-Ewc5fxKb09XQeO6LeKmko0x7MxKmVCGUYwKq7w8sZD0=",
        "owner": "neovim",
        "repo": "neovim",
        "rev": "a376d979bda103fa9998d05c3cc4ba56d3c3cece",
        "type": "github"
      },
      "original": {
        "dir": "contrib",
        "owner": "neovim",
        "repo": "neovim",
        "type": "github"
      }
    },
    "nixpkgs": {
      "locked": {
        "lastModified": 1707689078,
        "narHash": "sha256-UUGmRa84ZJHpGZ1WZEBEUOzaPOWG8LZ0yPg1pdDF/yM=",
        "owner": "NixOS",
        "repo": "nixpkgs",
        "rev": "f9d39fb9aff0efee4a3d5f4a6d7c17701d38a1d8",
        "type": "github"
      },
      "original": {
        "owner": "NixOS",
        "ref": "nixos-unstable",
        "repo": "nixpkgs",
        "type": "github"
      }
    },
    "root": {
      "inputs": {
        "advisory-db": "advisory-db",
        "crane": "crane",
        "fenix": "fenix",
        "flake-utils": "flake-utils",
        "neovim": "neovim",
        "nixpkgs": "nixpkgs",
        "vim": "vim"
      }
    },
    "rust-analyzer-src": {
      "flake": false,
      "locked": {
        "lastModified": 1706875368,
        "narHash": "sha256-KOBXxNurIU2lEmO6lR2A5El32X9x8ITt25McxKZ/Ew0=",
        "owner": "rust-lang",
        "repo": "rust-analyzer",
        "rev": "8f6a72871ec87ed53cfe43a09fb284168a284e7e",
        "type": "github"
      },
      "original": {
        "owner": "rust-lang",
        "ref": "nightly",
        "repo": "rust-analyzer",
        "type": "github"
      }
    },
    "systems": {
      "locked": {
        "lastModified": 1681028828,
        "narHash": "sha256-Vy1rq5AaRuLzOxct8nz4T6wlgyUR7zLU309k9mBC768=",
        "owner": "nix-systems",
        "repo": "default",
        "rev": "da67096a3b9bf56a91d16901293e51ba5b49a27e",
        "type": "github"
      },
      "original": {
        "owner": "nix-systems",
        "repo": "default",
        "type": "github"
      }
    },
    "systems_2": {
      "locked": {
        "lastModified": 1681028828,
        "narHash": "sha256-Vy1rq5AaRuLzOxct8nz4T6wlgyUR7zLU309k9mBC768=",
        "owner": "nix-systems",
        "repo": "default",
        "rev": "da67096a3b9bf56a91d16901293e51ba5b49a27e",
        "type": "github"
      },
      "original": {
        "owner": "nix-systems",
        "repo": "default",
        "type": "github"
      }
    },
    "vim": {
      "flake": false,
      "locked": {
        "lastModified": 1707855082,
        "narHash": "sha256-3kC2cmJqbZX02k19Ml1Fp9dHmMO172LfglYcxsT8UiQ=",
        "owner": "vim",
        "repo": "vim",
        "rev": "9b53c052d58f73f2078c61a74622687306e51c17",
        "type": "github"
      },
      "original": {
        "owner": "vim",
        "repo": "vim",
        "type": "github"
      }
    }
  },
  "root": "root",
  "version": 7
}
